
Microsoft Visual Studio Solution File, Format Version 12.00
# Visual Studio 2012
Project("{FAE04EC0-301F-11D3-BF4B-00C04F79EFBC}") = "equipmentTest", "equipmentTest\equipmentTest.csproj", "{7BDFD5AE-BE9E-40BB-AA8C-CAE2F95C4D49}"
EndProject
Project("{2150E333-8FDC-42A3-9474-1A3956D46DE8}") = "底层库", "底层库", "{81162A29-EE24-4E1B-8AB0-BACBF6BEDBA6}"
EndProject
Project("{FAE04EC0-301F-11D3-BF4B-00C04F79EFBC}") = "DataAccess", "DataAccess\DataAccess.csproj", "{57535C15-F422-40D0-BCEF-514CA4D529C3}"
EndProject
Project("{2150E333-8FDC-42A3-9474-1A3956D46DE8}") = "三层库", "三层库", "{6F647B3D-DC32-48CA-90D6-35F04FABB3A4}"
EndProject
Project("{FAE04EC0-301F-11D3-BF4B-00C04F79EFBC}") = "eT.Bll", "eT.Bll\eT.Bll.csproj", "{E118C9D0-47B4-4252-B8E6-D44B61B84C5D}"
EndProject
Project("{FAE04EC0-301F-11D3-BF4B-00C04F79EFBC}") = "eT.Dal", "eT.Dal\eT.Dal.csproj", "{B59A5425-B096-4FDB-8246-E078CB37E2B0}"
EndProject
Project("{FAE04EC0-301F-11D3-BF4B-00C04F79EFBC}") = "eT.Model", "eT.Model\eT.Model.csproj", "{BDC8B27D-1D30-44E5-BC6D-4B10D372769F}"
EndProject
Project("{FAE04EC0-301F-11D3-BF4B-00C04F79EFBC}") = "Utility", "Utility\Utility.csproj", "{BF2CDE81-2953-4D6E-AE67-B6F255E43BAA}"
EndProject
Project("{FAE04EC0-301F-11D3-BF4B-00C04F79EFBC}") = "eT.Common", "eT.Common\eT.Common.csproj", "{76ACFD5F-45AA-4C31-B4A7-DED7F89A1A71}"
	ProjectSection(ProjectDependencies) = postProject
		{B59A5425-B096-4FDB-8246-E078CB37E2B0} = {B59A5425-B096-4FDB-8246-E078CB37E2B0}
	EndProjectSection
EndProject
Project("{FAE04EC0-301F-11D3-BF4B-00C04F79EFBC}") = "Equipment", "Equipment\Equipment.csproj", "{B5D9B9FF-3FE1-40CB-AD7B-E7353A75DE77}"
EndProject
Global
	GlobalSection(SolutionConfigurationPlatforms) = preSolution
		Debug|Any CPU = Debug|Any CPU
		Release|Any CPU = Release|Any CPU
	EndGlobalSection
	GlobalSection(ProjectConfigurationPlatforms) = postSolution
		{7BDFD5AE-BE9E-40BB-AA8C-CAE2F95C4D49}.Debug|Any CPU.ActiveCfg = Debug|Any CPU
		{7BDFD5AE-BE9E-40BB-AA8C-CAE2F95C4D49}.Debug|Any CPU.Build.0 = Debug|Any CPU
		{7BDFD5AE-BE9E-40BB-AA8C-CAE2F95C4D49}.Release|Any CPU.ActiveCfg = Release|Any CPU
		{7BDFD5AE-BE9E-40BB-AA8C-CAE2F95C4D49}.Release|Any CPU.Build.0 = Release|Any CPU
		{57535C15-F422-40D0-BCEF-514CA4D529C3}.Debug|Any CPU.ActiveCfg = Debug|Any CPU
		{57535C15-F422-40D0-BCEF-514CA4D529C3}.Debug|Any CPU.Build.0 = Debug|Any CPU
		{57535C15-F422-40D0-BCEF-514CA4D529C3}.Release|Any CPU.ActiveCfg = Release|Any CPU
		{57535C15-F422-40D0-BCEF-514CA4D529C3}.Release|Any CPU.Build.0 = Release|Any CPU
		{E118C9D0-47B4-4252-B8E6-D44B61B84C5D}.Debug|Any CPU.ActiveCfg = Debug|Any CPU
		{E118C9D0-47B4-4252-B8E6-D44B61B84C5D}.Debug|Any CPU.Build.0 = Debug|Any CPU
		{E118C9D0-47B4-4252-B8E6-D44B61B84C5D}.Release|Any CPU.ActiveCfg = Release|Any CPU
		{E118C9D0-47B4-4252-B8E6-D44B61B84C5D}.Release|Any CPU.Build.0 = Release|Any CPU
		{B59A5425-B096-4FDB-8246-E078CB37E2B0}.Debug|Any CPU.ActiveCfg = Debug|Any CPU
		{B59A5425-B096-4FDB-8246-E078CB37E2B0}.Debug|Any CPU.Build.0 = Debug|Any CPU
		{B59A5425-B096-4FDB-8246-E078CB37E2B0}.Release|Any CPU.ActiveCfg = Release|Any CPU
		{B59A5425-B096-4FDB-8246-E078CB37E2B0}.Release|Any CPU.Build.0 = Release|Any CPU
		{BDC8B27D-1D30-44E5-BC6D-4B10D372769F}.Debug|Any CPU.ActiveCfg = Debug|Any CPU
		{BDC8B27D-1D30-44E5-BC6D-4B10D372769F}.Debug|Any CPU.Build.0 = Debug|Any CPU
		{BDC8B27D-1D30-44E5-BC6D-4B10D372769F}.Release|Any CPU.ActiveCfg = Release|Any CPU
		{BDC8B27D-1D30-44E5-BC6D-4B10D372769F}.Release|Any CPU.Build.0 = Release|Any CPU
		{BF2CDE81-2953-4D6E-AE67-B6F255E43BAA}.Debug|Any CPU.ActiveCfg = Debug|Any CPU
		{BF2CDE81-2953-4D6E-AE67-B6F255E43BAA}.Debug|Any CPU.Build.0 = Debug|Any CPU
		{BF2CDE81-2953-4D6E-AE67-B6F255E43BAA}.Release|Any CPU.ActiveCfg = Release|Any CPU
		{BF2CDE81-2953-4D6E-AE67-B6F255E43BAA}.Release|Any CPU.Build.0 = Release|Any CPU
		{76ACFD5F-45AA-4C31-B4A7-DED7F89A1A71}.Debug|Any CPU.ActiveCfg = Debug|Any CPU
		{76ACFD5F-45AA-4C31-B4A7-DED7F89A1A71}.Debug|Any CPU.Build.0 = Debug|Any CPU
		{76ACFD5F-45AA-4C31-B4A7-DED7F89A1A71}.Release|Any CPU.ActiveCfg = Release|Any CPU
		{76ACFD5F-45AA-4C31-B4A7-DED7F89A1A71}.Release|Any CPU.Build.0 = Release|Any CPU
		{B5D9B9FF-3FE1-40CB-AD7B-E7353A75DE77}.Debug|Any CPU.ActiveCfg = Debug|Any CPU
		{B5D9B9FF-3FE1-40CB-AD7B-E7353A75DE77}.Debug|Any CPU.Build.0 = Debug|Any CPU
		{B5D9B9FF-3FE1-40CB-AD7B-E7353A75DE77}.Release|Any CPU.ActiveCfg = Release|Any CPU
		{B5D9B9FF-3FE1-40CB-AD7B-E7353A75DE77}.Release|Any CPU.Build.0 = Release|Any CPU
	EndGlobalSection
	GlobalSection(SolutionProperties) = preSolution
		HideSolutionNode = FALSE
	EndGlobalSection
	GlobalSection(NestedProjects) = preSolution
		{57535C15-F422-40D0-BCEF-514CA4D529C3} = {81162A29-EE24-4E1B-8AB0-BACBF6BEDBA6}
		{BF2CDE81-2953-4D6E-AE67-B6F255E43BAA} = {81162A29-EE24-4E1B-8AB0-BACBF6BEDBA6}
		{E118C9D0-47B4-4252-B8E6-D44B61B84C5D} = {6F647B3D-DC32-48CA-90D6-35F04FABB3A4}
		{B59A5425-B096-4FDB-8246-E078CB37E2B0} = {6F647B3D-DC32-48CA-90D6-35F04FABB3A4}
		{BDC8B27D-1D30-44E5-BC6D-4B10D372769F} = {6F647B3D-DC32-48CA-90D6-35F04FABB3A4}
		{76ACFD5F-45AA-4C31-B4A7-DED7F89A1A71} = {6F647B3D-DC32-48CA-90D6-35F04FABB3A4}
		{B5D9B9FF-3FE1-40CB-AD7B-E7353A75DE77} = {6F647B3D-DC32-48CA-90D6-35F04FABB3A4}
	EndGlobalSection
EndGlobal
